
Microsoft Visual Studio Solution File, Format Version 12.00
# Visual Studio Version 16
VisualStudioVersion = 25.0.1703.4
MinimumVisualStudioVersion = 10.0.40219.1
Project("{FAE04EC0-301F-11D3-BF4B-00C04F79EFBC}") = "MethodsPart2", "MethodsPart2\MethodsPart2.csproj", "{E1E9120F-7933-4E16-A2E8-833A363EE570}"
EndProject
Global
	GlobalSection(SolutionConfigurationPlatforms) = preSolution
		Debug|Any CPU = Debug|Any CPU
		Release|Any CPU = Release|Any CPU
	EndGlobalSection
	GlobalSection(ProjectConfigurationPlatforms) = postSolution
		{E1E9120F-7933-4E16-A2E8-833A363EE570}.Debug|Any CPU.ActiveCfg = Debug|Any CPU
		{E1E9120F-7933-4E16-A2E8-833A363EE570}.Debug|Any CPU.Build.0 = Debug|Any CPU
		{E1E9120F-7933-4E16-A2E8-833A363EE570}.Release|Any CPU.ActiveCfg = Release|Any CPU
		{E1E9120F-7933-4E16-A2E8-833A363EE570}.Release|Any CPU.Build.0 = Release|Any CPU
	EndGlobalSection
	GlobalSection(SolutionProperties) = preSolution
		HideSolutionNode = FALSE
	EndGlobalSection
	GlobalSection(ExtensibilityGlobals) = postSolution
		SolutionGuid = {1C7C81D2-9959-46F3-8656-FE3B7956E42E}
	EndGlobalSection
EndGlobal
